// !$*UTF8*$!
{
	archiveVersion = 1;
	classes = {
	};
	objectVersion = 56;
	objects = {

/* Begin PBXBuildFile section */
		EC42BC222A09366A0033350D /* API_TestApp.swift in Sources */ = {isa = PBXBuildFile; fileRef = EC42BC212A09366A0033350D /* API_TestApp.swift */; };
		EC42BC242A09366A0033350D /* ContentView.swift in Sources */ = {isa = PBXBuildFile; fileRef = EC42BC232A09366A0033350D /* ContentView.swift */; };
		EC42BC262A09366C0033350D /* Assets.xcassets in Resources */ = {isa = PBXBuildFile; fileRef = EC42BC252A09366C0033350D /* Assets.xcassets */; };
		EC42BC292A09366C0033350D /* Preview Assets.xcassets in Resources */ = {isa = PBXBuildFile; fileRef = EC42BC282A09366C0033350D /* Preview Assets.xcassets */; };
		EC42BC332A09366C0033350D /* API_TestTests.swift in Sources */ = {isa = PBXBuildFile; fileRef = EC42BC322A09366C0033350D /* API_TestTests.swift */; };
		EC42BC3D2A09366C0033350D /* API_TestUITests.swift in Sources */ = {isa = PBXBuildFile; fileRef = EC42BC3C2A09366C0033350D /* API_TestUITests.swift */; };
		EC42BC3F2A09366C0033350D /* API_TestUITestsLaunchTests.swift in Sources */ = {isa = PBXBuildFile; fileRef = EC42BC3E2A09366C0033350D /* API_TestUITestsLaunchTests.swift */; };
/* End PBXBuildFile section */

/* Begin PBXContainerItemProxy section */
		EC42BC2F2A09366C0033350D /* PBXContainerItemProxy */ = {
			isa = PBXContainerItemProxy;
			containerPortal = EC42BC162A09366A0033350D /* Project object */;
			proxyType = 1;
			remoteGlobalIDString = EC42BC1D2A09366A0033350D;
			remoteInfo = "API Test";
		};
		EC42BC392A09366C0033350D /* PBXContainerItemProxy */ = {
			isa = PBXContainerItemProxy;
			containerPortal = EC42BC162A09366A0033350D /* Project object */;
			proxyType = 1;
			remoteGlobalIDString = EC42BC1D2A09366A0033350D;
			remoteInfo = "API Test";
		};
/* End PBXContainerItemProxy section */

/* Begin PBXFileReference section */
		EC42BC1E2A09366A0033350D /* API Test.app */ = {isa = PBXFileReference; explicitFileType = wrapper.application; includeInIndex = 0; path = "API Test.app"; sourceTree = BUILT_PRODUCTS_DIR; };
		EC42BC212A09366A0033350D /* API_TestApp.swift */ = {isa = PBXFileReference; lastKnownFileType = sourcecode.swift; path = API_TestApp.swift; sourceTree = "<group>"; };
		EC42BC232A09366A0033350D /* ContentView.swift */ = {isa = PBXFileReference; lastKnownFileType = sourcecode.swift; path = ContentView.swift; sourceTree = "<group>"; };
		EC42BC252A09366C0033350D /* Assets.xcassets */ = {isa = PBXFileReference; lastKnownFileType = folder.assetcatalog; path = Assets.xcassets; sourceTree = "<group>"; };
		EC42BC282A09366C0033350D /* Preview Assets.xcassets */ = {isa = PBXFileReference; lastKnownFileType = folder.assetcatalog; path = "Preview Assets.xcassets"; sourceTree = "<group>"; };
		EC42BC2E2A09366C0033350D /* API TestTests.xctest */ = {isa = PBXFileReference; explicitFileType = wrapper.cfbundle; includeInIndex = 0; path = "API TestTests.xctest"; sourceTree = BUILT_PRODUCTS_DIR; };
		EC42BC322A09366C0033350D /* API_TestTests.swift */ = {isa = PBXFileReference; lastKnownFileType = sourcecode.swift; path = API_TestTests.swift; sourceTree = "<group>"; };
		EC42BC382A09366C0033350D /* API TestUITests.xctest */ = {isa = PBXFileReference; explicitFileType = wrapper.cfbundle; includeInIndex = 0; path = "API TestUITests.xctest"; sourceTree = BUILT_PRODUCTS_DIR; };
		EC42BC3C2A09366C0033350D /* API_TestUITests.swift */ = {isa = PBXFileReference; lastKnownFileType = sourcecode.swift; path = API_TestUITests.swift; sourceTree = "<group>"; };
		EC42BC3E2A09366C0033350D /* API_TestUITestsLaunchTests.swift */ = {isa = PBXFileReference; lastKnownFileType = sourcecode.swift; path = API_TestUITestsLaunchTests.swift; sourceTree = "<group>"; };
/* End PBXFileReference section */

/* Begin PBXFrameworksBuildPhase section */
		EC42BC1B2A09366A0033350D /* Frameworks */ = {
			isa = PBXFrameworksBuildPhase;
			buildActionMask = 2147483647;
			files = (
			);
			runOnlyForDeploymentPostprocessing = 0;
		};
		EC42BC2B2A09366C0033350D /* Frameworks */ = {
			isa = PBXFrameworksBuildPhase;
			buildActionMask = 2147483647;
			files = (
			);
			runOnlyForDeploymentPostprocessing = 0;
		};
		EC42BC352A09366C0033350D /* Frameworks */ = {
			isa = PBXFrameworksBuildPhase;
			buildActionMask = 2147483647;
			files = (
			);
			runOnlyForDeploymentPostprocessing = 0;
		};
/* End PBXFrameworksBuildPhase section */

/* Begin PBXGroup section */
		EC42BC152A09366A0033350D = {
			isa = PBXGroup;
			children = (
				EC42BC202A09366A0033350D /* API Test */,
				EC42BC312A09366C0033350D /* API TestTests */,
				EC42BC3B2A09366C0033350D /* API TestUITests */,
				EC42BC1F2A09366A0033350D /* Products */,
			);
			sourceTree = "<group>";
		};
		EC42BC1F2A09366A0033350D /* Products */ = {
			isa = PBXGroup;
			children = (
				EC42BC1E2A09366A0033350D /* API Test.app */,
				EC42BC2E2A09366C0033350D /* API TestTests.xctest */,
				EC42BC382A09366C0033350D /* API TestUITests.xctest */,
			);
			name = Products;
			sourceTree = "<group>";
		};
		EC42BC202A09366A0033350D /* API Test */ = {
			isa = PBXGroup;
			children = (
				EC42BC212A09366A0033350D /* API_TestApp.swift */,
				EC42BC232A09366A0033350D /* ContentView.swift */,
				EC42BC252A09366C0033350D /* Assets.xcassets */,
				EC42BC272A09366C0033350D /* Preview Content */,
			);
			path = "API Test";
			sourceTree = "<group>";
		};
		EC42BC272A09366C0033350D /* Preview Content */ = {
			isa = PBXGroup;
			children = (
				EC42BC282A09366C0033350D /* Preview Assets.xcassets */,
			);
			path = "Preview Content";
			sourceTree = "<group>";
		};
		EC42BC312A09366C0033350D /* API TestTests */ = {
			isa = PBXGroup;
			children = (
				EC42BC322A09366C0033350D /* API_TestTests.swift */,
			);
			path = "API TestTests";
			sourceTree = "<group>";
		};
		EC42BC3B2A09366C0033350D /* API TestUITests */ = {
			isa = PBXGroup;
			children = (
				EC42BC3E2A09366C0033350D /* API_TestUITestsLaunchTests.swift */,
				EC42BC3C2A09366C0033350D /* API_TestUITests.swift */,
			);
			path = "API TestUITests";
			sourceTree = "<group>";
		};
/* End PBXGroup section */

/* Begin PBXNativeTarget section */
		EC42BC1D2A09366A0033350D /* API Test */ = {
			isa = PBXNativeTarget;
			buildConfigurationList = EC42BC422A09366C0033350D /* Build configuration list for PBXNativeTarget "API Test" */;
			buildPhases = (
				EC42BC1A2A09366A0033350D /* Sources */,
				EC42BC1B2A09366A0033350D /* Frameworks */,
				EC42BC1C2A09366A0033350D /* Resources */,
			);
			buildRules = (
			);
			dependencies = (
			);
			name = "API Test";
			productName = "API Test";
			productReference = EC42BC1E2A09366A0033350D /* API Test.app */;
			productType = "com.apple.product-type.application";
		};
		EC42BC2D2A09366C0033350D /* API TestTests */ = {
			isa = PBXNativeTarget;
			buildConfigurationList = EC42BC452A09366C0033350D /* Build configuration list for PBXNativeTarget "API TestTests" */;
			buildPhases = (
				EC42BC2A2A09366C0033350D /* Sources */,
				EC42BC2B2A09366C0033350D /* Frameworks */,
				EC42BC2C2A09366C0033350D /* Resources */,
			);
			buildRules = (
			);
			dependencies = (
				EC42BC302A09366C0033350D /* PBXTargetDependency */,
			);
			name = "API TestTests";
			productName = "API TestTests";
			productReference = EC42BC2E2A09366C0033350D /* API TestTests.xctest */;
			productType = "com.apple.product-type.bundle.unit-test";
		};
		EC42BC372A09366C0033350D /* API TestUITests */ = {
			isa = PBXNativeTarget;
			buildConfigurationList = EC42BC482A09366C0033350D /* Build configuration list for PBXNativeTarget "API TestUITests" */;
			buildPhases = (
				EC42BC342A09366C0033350D /* Sources */,
				EC42BC352A09366C0033350D /* Frameworks */,
				EC42BC362A09366C0033350D /* Resources */,
			);
			buildRules = (
			);
			dependencies = (
				EC42BC3A2A09366C0033350D /* PBXTargetDependency */,
			);
			name = "API TestUITests";
			productName = "API TestUITests";
			productReference = EC42BC382A09366C0033350D /* API TestUITests.xctest */;
			productType = "com.apple.product-type.bundle.ui-testing";
		};
/* End PBXNativeTarget section */

/* Begin PBXProject section */
		EC42BC162A09366A0033350D /* Project object */ = {
			isa = PBXProject;
			attributes = {
				BuildIndependentTargetsInParallel = 1;
				LastSwiftUpdateCheck = 1430;
				LastUpgradeCheck = 1430;
				TargetAttributes = {
					EC42BC1D2A09366A0033350D = {
						CreatedOnToolsVersion = 14.3;
					};
					EC42BC2D2A09366C0033350D = {
						CreatedOnToolsVersion = 14.3;
						TestTargetID = EC42BC1D2A09366A0033350D;
					};
					EC42BC372A09366C0033350D = {
						CreatedOnToolsVersion = 14.3;
						TestTargetID = EC42BC1D2A09366A0033350D;
					};
				};
			};
			buildConfigurationList = EC42BC192A09366A0033350D /* Build configuration list for PBXProject "API Test" */;
			compatibilityVersion = "Xcode 14.0";
			developmentRegion = en;
			hasScannedForEncodings = 0;
			knownRegions = (
				en,
				Base,
			);
			mainGroup = EC42BC152A09366A0033350D;
			productRefGroup = EC42BC1F2A09366A0033350D /* Products */;
			projectDirPath = "";
			projectRoot = "";
			targets = (
				EC42BC1D2A09366A0033350D /* API Test */,
				EC42BC2D2A09366C0033350D /* API TestTests */,
				EC42BC372A09366C0033350D /* API TestUITests */,
			);
		};
/* End PBXProject section */

/* Begin PBXResourcesBuildPhase section */
		EC42BC1C2A09366A0033350D /* Resources */ = {
			isa = PBXResourcesBuildPhase;
			buildActionMask = 2147483647;
			files = (
				EC42BC292A09366C0033350D /* Preview Assets.xcassets in Resources */,
				EC42BC262A09366C0033350D /* Assets.xcassets in Resources */,
			);
			runOnlyForDeploymentPostprocessing = 0;
		};
		EC42BC2C2A09366C0033350D /* Resources */ = {
			isa = PBXResourcesBuildPhase;
			buildActionMask = 2147483647;
			files = (
			);
			runOnlyForDeploymentPostprocessing = 0;
		};
		EC42BC362A09366C0033350D /* Resources */ = {
			isa = PBXResourcesBuildPhase;
			buildActionMask = 2147483647;
			files = (
			);
			runOnlyForDeploymentPostprocessing = 0;
		};
/* End PBXResourcesBuildPhase section */

/* Begin PBXSourcesBuildPhase section */
		EC42BC1A2A09366A0033350D /* Sources */ = {
			isa = PBXSourcesBuildPhase;
			buildActionMask = 2147483647;
			files = (
				EC42BC242A09366A0033350D /* ContentView.swift in Sources */,
				EC42BC222A09366A0033350D /* API_TestApp.swift in Sources */,
			);
			runOnlyForDeploymentPostprocessing = 0;
		};
		EC42BC2A2A09366C0033350D /* Sources */ = {
			isa = PBXSourcesBuildPhase;
			buildActionMask = 2147483647;
			files = (
				EC42BC332A09366C0033350D /* API_TestTests.swift in Sources */,
			);
			runOnlyForDeploymentPostprocessing = 0;
		};
		EC42BC342A09366C0033350D /* Sources */ = {
			isa = PBXSourcesBuildPhase;
			buildActionMask = 2147483647;
			files = (
				EC42BC3F2A09366C0033350D /* API_TestUITestsLaunchTests.swift in Sources */,
				EC42BC3D2A09366C0033350D /* API_TestUITests.swift in Sources */,
			);
			runOnlyForDeploymentPostprocessing = 0;
		};
/* End PBXSourcesBuildPhase section */

/* Begin PBXTargetDependency section */
		EC42BC302A09366C0033350D /* PBXTargetDependency */ = {
			isa = PBXTargetDependency;
			target = EC42BC1D2A09366A0033350D /* API Test */;
			targetProxy = EC42BC2F2A09366C0033350D /* PBXContainerItemProxy */;
		};
		EC42BC3A2A09366C0033350D /* PBXTargetDependency */ = {
			isa = PBXTargetDependency;
			target = EC42BC1D2A09366A0033350D /* API Test */;
			targetProxy = EC42BC392A09366C0033350D /* PBXContainerItemProxy */;
		};
/* End PBXTargetDependency section */

/* Begin XCBuildConfiguration section */
		EC42BC402A09366C0033350D /* Debug */ = {
			isa = XCBuildConfiguration;
			buildSettings = {
				ALWAYS_SEARCH_USER_PATHS = NO;
				CLANG_ANALYZER_NONNULL = YES;
				CLANG_ANALYZER_NUMBER_OBJECT_CONVERSION = YES_AGGRESSIVE;
				CLANG_CXX_LANGUAGE_STANDARD = "gnu++20";
				CLANG_ENABLE_MODULES = YES;
				CLANG_ENABLE_OBJC_ARC = YES;
				CLANG_ENABLE_OBJC_WEAK = YES;
				CLANG_WARN_BLOCK_CAPTURE_AUTORELEASING = YES;
				CLANG_WARN_BOOL_CONVERSION = YES;
				CLANG_WARN_COMMA = YES;
				CLANG_WARN_CONSTANT_CONVERSION = YES;
				CLANG_WARN_DEPRECATED_OBJC_IMPLEMENTATIONS = YES;
				CLANG_WARN_DIRECT_OBJC_ISA_USAGE = YES_ERROR;
				CLANG_WARN_DOCUMENTATION_COMMENTS = YES;
				CLANG_WARN_EMPTY_BODY = YES;
				CLANG_WARN_ENUM_CONVERSION = YES;
				CLANG_WARN_INFINITE_RECURSION = YES;
				CLANG_WARN_INT_CONVERSION = YES;
				CLANG_WARN_NON_LITERAL_NULL_CONVERSION = YES;
				CLANG_WARN_OBJC_IMPLICIT_RETAIN_SELF = YES;
				CLANG_WARN_OBJC_LITERAL_CONVERSION = YES;
				CLANG_WARN_OBJC_ROOT_CLASS = YES_ERROR;
				CLANG_WARN_QUOTED_INCLUDE_IN_FRAMEWORK_HEADER = YES;
				CLANG_WARN_RANGE_LOOP_ANALYSIS = YES;
				CLANG_WARN_STRICT_PROTOTYPES = YES;
				CLANG_WARN_SUSPICIOUS_MOVE = YES;
				CLANG_WARN_UNGUARDED_AVAILABILITY = YES_AGGRESSIVE;
				CLANG_WARN_UNREACHABLE_CODE = YES;
				CLANG_WARN__DUPLICATE_METHOD_MATCH = YES;
				COPY_PHASE_STRIP = NO;
				DEBUG_INFORMATION_FORMAT = dwarf;
				ENABLE_STRICT_OBJC_MSGSEND = YES;
				ENABLE_TESTABILITY = YES;
				GCC_C_LANGUAGE_STANDARD = gnu11;
				GCC_DYNAMIC_NO_PIC = NO;
				GCC_NO_COMMON_BLOCKS = YES;
				GCC_OPTIMIZATION_LEVEL = 0;
				GCC_PREPROCESSOR_DEFINITIONS = (
					"DEBUG=1",
					"$(inherited)",
				);
				GCC_WARN_64_TO_32_BIT_CONVERSION = YES;
				GCC_WARN_ABOUT_RETURN_TYPE = YES_ERROR;
				GCC_WARN_UNDECLARED_SELECTOR = YES;
				GCC_WARN_UNINITIALIZED_AUTOS = YES_AGGRESSIVE;
				GCC_WARN_UNUSED_FUNCTION = YES;
				GCC_WARN_UNUSED_VARIABLE = YES;
				IPHONEOS_DEPLOYMENT_TARGET = 16.4;
				MTL_ENABLE_DEBUG_INFO = INCLUDE_SOURCE;
				MTL_FAST_MATH = YES;
				ONLY_ACTIVE_ARCH = YES;
				SDKROOT = iphoneos;
				SWIFT_ACTIVE_COMPILATION_CONDITIONS = DEBUG;
				SWIFT_OPTIMIZATION_LEVEL = "-Onone";
			};
			name = Debug;
		};
		EC42BC412A09366C0033350D /* Release */ = {
			isa = XCBuildConfiguration;
			buildSettings = {
				ALWAYS_SEARCH_USER_PATHS = NO;
				CLANG_ANALYZER_NONNULL = YES;
				CLANG_ANALYZER_NUMBER_OBJECT_CONVERSION = YES_AGGRESSIVE;
				CLANG_CXX_LANGUAGE_STANDARD = "gnu++20";
				CLANG_ENABLE_MODULES = YES;
				CLANG_ENABLE_OBJC_ARC = YES;
				CLANG_ENABLE_OBJC_WEAK = YES;
				CLANG_WARN_BLOCK_CAPTURE_AUTORELEASING = YES;
				CLANG_WARN_BOOL_CONVERSION = YES;
				CLANG_WARN_COMMA = YES;
				CLANG_WARN_CONSTANT_CONVERSION = YES;
				CLANG_WARN_DEPRECATED_OBJC_IMPLEMENTATIONS = YES;
				CLANG_WARN_DIRECT_OBJC_ISA_USAGE = YES_ERROR;
				CLANG_WARN_DOCUMENTATION_COMMENTS = YES;
				CLANG_WARN_EMPTY_BODY = YES;
				CLANG_WARN_ENUM_CONVERSION = YES;
				CLANG_WARN_INFINITE_RECURSION = YES;
				CLANG_WARN_INT_CONVERSION = YES;
				CLANG_WARN_NON_LITERAL_NULL_CONVERSION = YES;
				CLANG_WARN_OBJC_IMPLICIT_RETAIN_SELF = YES;
				CLANG_WARN_OBJC_LITERAL_CONVERSION = YES;
				CLANG_WARN_OBJC_ROOT_CLASS = YES_ERROR;
				CLANG_WARN_QUOTED_INCLUDE_IN_FRAMEWORK_HEADER = YES;
				CLANG_WARN_RANGE_LOOP_ANALYSIS = YES;
				CLANG_WARN_STRICT_PROTOTYPES = YES;
				CLANG_WARN_SUSPICIOUS_MOVE = YES;
				CLANG_WARN_UNGUARDED_AVAILABILITY = YES_AGGRESSIVE;
				CLANG_WARN_UNREACHABLE_CODE = YES;
				CLANG_WARN__DUPLICATE_METHOD_MATCH = YES;
				COPY_PHASE_STRIP = NO;
				DEBUG_INFORMATION_FORMAT = "dwarf-with-dsym";
				ENABLE_NS_ASSERTIONS = NO;
				ENABLE_STRICT_OBJC_MSGSEND = YES;
				GCC_C_LANGUAGE_STANDARD = gnu11;
				GCC_NO_COMMON_BLOCKS = YES;
				GCC_WARN_64_TO_32_BIT_CONVERSION = YES;
				GCC_WARN_ABOUT_RETURN_TYPE = YES_ERROR;
				GCC_WARN_UNDECLARED_SELECTOR = YES;
				GCC_WARN_UNINITIALIZED_AUTOS = YES_AGGRESSIVE;
				GCC_WARN_UNUSED_FUNCTION = YES;
				GCC_WARN_UNUSED_VARIABLE = YES;
				IPHONEOS_DEPLOYMENT_TARGET = 16.4;
				MTL_ENABLE_DEBUG_INFO = NO;
				MTL_FAST_MATH = YES;
				SDKROOT = iphoneos;
				SWIFT_COMPILATION_MODE = wholemodule;
				SWIFT_OPTIMIZATION_LEVEL = "-O";
				VALIDATE_PRODUCT = YES;
			};
			name = Release;
		};
		EC42BC432A09366C0033350D /* Debug */ = {
			isa = XCBuildConfiguration;
			buildSettings = {
				ASSETCATALOG_COMPILER_APPICON_NAME = AppIcon;
				ASSETCATALOG_COMPILER_GLOBAL_ACCENT_COLOR_NAME = AccentColor;
				CODE_SIGN_STYLE = Automatic;
				CURRENT_PROJECT_VERSION = 1;
				DEVELOPMENT_ASSET_PATHS = "\"API Test/Preview Content\"";
				DEVELOPMENT_TEAM = 3LQVN7CSCM;
				ENABLE_PREVIEWS = YES;
				GENERATE_INFOPLIST_FILE = YES;
				INFOPLIST_KEY_CFBundleDisplayName = API;
				INFOPLIST_KEY_LSApplicationCategoryType = "public.app-category.utilities";
				INFOPLIST_KEY_UIApplicationSceneManifest_Generation = YES;
				INFOPLIST_KEY_UIApplicationSupportsIndirectInputEvents = YES;
				INFOPLIST_KEY_UILaunchScreen_Generation = YES;
				INFOPLIST_KEY_UISupportedInterfaceOrientations_iPad = "UIInterfaceOrientationPortrait UIInterfaceOrientationPortraitUpsideDown UIInterfaceOrientationLandscapeLeft UIInterfaceOrientationLandscapeRight";
				INFOPLIST_KEY_UISupportedInterfaceOrientations_iPhone = "UIInterfaceOrientationPortrait UIInterfaceOrientationLandscapeLeft UIInterfaceOrientationLandscapeRight";
				LD_RUNPATH_SEARCH_PATHS = (
					"$(inherited)",
					"@executable_path/Frameworks",
				);
				MARKETING_VERSION = 1.0;
				PRODUCT_BUNDLE_IDENTIFIER = "com.dariuschifor.API-Test";
				PRODUCT_NAME = "$(TARGET_NAME)";
				SWIFT_EMIT_LOC_STRINGS = YES;
				SWIFT_VERSION = 5.0;
				TARGETED_DEVICE_FAMILY = 1;
			};
			name = Debug;
		};
		EC42BC442A09366C0033350D /* Release */ = {
			isa = XCBuildConfiguration;
			buildSettings = {
				ASSETCATALOG_COMPILER_APPICON_NAME = AppIcon;
				ASSETCATALOG_COMPILER_GLOBAL_ACCENT_COLOR_NAME = AccentColor;
				CODE_SIGN_STYLE = Automatic;
				CURRENT_PROJECT_VERSION = 1;
				DEVELOPMENT_ASSET_PATHS = "\"API Test/Preview Content\"";
				DEVELOPMENT_TEAM = 3LQVN7CSCM;
				ENABLE_PREVIEWS = YES;
				GENERATE_INFOPLIST_FILE = YES;
				INFOPLIST_KEY_CFBundleDisplayName = API;
				INFOPLIST_KEY_LSApplicationCategoryType = "public.app-category.utilities";
				INFOPLIST_KEY_UIApplicationSceneManifest_Generation = YES;
				INFOPLIST_KEY_UIApplicationSupportsIndirectInputEvents = YES;
				INFOPLIST_KEY_UILaunchScreen_Generation = YES;
				INFOPLIST_KEY_UISupportedInterfaceOrientations_iPad = "UIInterfaceOrientationPortrait UIInterfaceOrientationPortraitUpsideDown UIInterfaceOrientationLandscapeLeft UIInterfaceOrientationLandscapeRight";
				INFOPLIST_KEY_UISupportedInterfaceOrientations_iPhone = "UIInterfaceOrientationPortrait UIInterfaceOrientationLandscapeLeft UIInterfaceOrientationLandscapeRight";
				LD_RUNPATH_SEARCH_PATHS = (
					"$(inherited)",
					"@executable_path/Frameworks",
				);
				MARKETING_VERSION = 1.0;
				PRODUCT_BUNDLE_IDENTIFIER = "com.dariuschifor.API-Test";
				PRODUCT_NAME = "$(TARGET_NAME)";
				SWIFT_EMIT_LOC_STRINGS = YES;
				SWIFT_VERSION = 5.0;
				TARGETED_DEVICE_FAMILY = 1;
			};
			name = Release;
		};
		EC42BC462A09366C0033350D /* Debug */ = {
			isa = XCBuildConfiguration;
			buildSettings = {
				ALWAYS_EMBED_SWIFT_STANDARD_LIBRARIES = YES;
				BUNDLE_LOADER = "$(TEST_HOST)";
				CODE_SIGN_STYLE = Automatic;
				CURRENT_PROJECT_VERSION = 1;
				DEVELOPMENT_TEAM = 3LQVN7CSCM;
				GENERATE_INFOPLIST_FILE = YES;
				IPHONEOS_DEPLOYMENT_TARGET = 16.4;
				MARKETING_VERSION = 1.0;
				PRODUCT_BUNDLE_IDENTIFIER = "com.dariuschifor.API-TestTests";
				PRODUCT_NAME = "$(TARGET_NAME)";
				SWIFT_EMIT_LOC_STRINGS = NO;
				SWIFT_VERSION = 5.0;
				TARGETED_DEVICE_FAMILY = "1,2";
				TEST_HOST = "$(BUILT_PRODUCTS_DIR)/API Test.app/$(BUNDLE_EXECUTABLE_FOLDER_PATH)/API Test";
			};
			name = Debug;
		};
		EC42BC472A09366C0033350D /* Release */ = {
			isa = XCBuildConfiguration;
			buildSettings = {
				ALWAYS_EMBED_SWIFT_STANDARD_LIBRARIES = YES;
				BUNDLE_LOADER = "$(TEST_HOST)";
				CODE_SIGN_STYLE = Automatic;
				CURRENT_PROJECT_VERSION = 1;
				DEVELOPMENT_TEAM = 3LQVN7CSCM;
				GENERATE_INFOPLIST_FILE = YES;
				IPHONEOS_DEPLOYMENT_TARGET = 16.4;
				MARKETING_VERSION = 1.0;
				PRODUCT_BUNDLE_IDENTIFIER = "com.dariuschifor.API-TestTests";
				PRODUCT_NAME = "$(TARGET_NAME)";
				SWIFT_EMIT_LOC_STRINGS = NO;
				SWIFT_VERSION = 5.0;
				TARGETED_DEVICE_FAMILY = "1,2";
				TEST_HOST = "$(BUILT_PRODUCTS_DIR)/API Test.app/$(BUNDLE_EXECUTABLE_FOLDER_PATH)/API Test";
			};
			name = Release;
		};
		EC42BC492A09366C0033350D /* Debug */ = {
			isa = XCBuildConfiguration;
			buildSettings = {
				ALWAYS_EMBED_SWIFT_STANDARD_LIBRARIES = YES;
				CODE_SIGN_STYLE = Automatic;
				CURRENT_PROJECT_VERSION = 1;
				DEVELOPMENT_TEAM = 3LQVN7CSCM;
				GENERATE_INFOPLIST_FILE = YES;
				MARKETING_VERSION = 1.0;
				PRODUCT_BUNDLE_IDENTIFIER = "com.dariuschifor.API-TestUITests";
				PRODUCT_NAME = "$(TARGET_NAME)";
				SWIFT_EMIT_LOC_STRINGS = NO;
				SWIFT_VERSION = 5.0;
				TARGETED_DEVICE_FAMILY = "1,2";
				TEST_TARGET_NAME = "API Test";
			};
			name = Debug;
		};
		EC42BC4A2A09366C0033350D /* Release */ = {
			isa = XCBuildConfiguration;
			buildSettings = {
				ALWAYS_EMBED_SWIFT_STANDARD_LIBRARIES = YES;
				CODE_SIGN_STYLE = Automatic;
				CURRENT_PROJECT_VERSION = 1;
				DEVELOPMENT_TEAM = 3LQVN7CSCM;
				GENERATE_INFOPLIST_FILE = YES;
				MARKETING_VERSION = 1.0;
				PRODUCT_BUNDLE_IDENTIFIER = "com.dariuschifor.API-TestUITests";
				PRODUCT_NAME = "$(TARGET_NAME)";
				SWIFT_EMIT_LOC_STRINGS = NO;
				SWIFT_VERSION = 5.0;
				TARGETED_DEVICE_FAMILY = "1,2";
				TEST_TARGET_NAME = "API Test";
			};
			name = Release;
		};
/* End XCBuildConfiguration section */

/* Begin XCConfigurationList section */
		EC42BC192A09366A0033350D /* Build configuration list for PBXProject "API Test" */ = {
			isa = XCConfigurationList;
			buildConfigurations = (
				EC42BC402A09366C0033350D /* Debug */,
				EC42BC412A09366C0033350D /* Release */,
			);
			defaultConfigurationIsVisible = 0;
			defaultConfigurationName = Release;
		};
		EC42BC422A09366C0033350D /* Build configuration list for PBXNativeTarget "API Test" */ = {
			isa = XCConfigurationList;
			buildConfigurations = (
				EC42BC432A09366C0033350D /* Debug */,
				EC42BC442A09366C0033350D /* Release */,
			);
			defaultConfigurationIsVisible = 0;
			defaultConfigurationName = Release;
		};
		EC42BC452A09366C0033350D /* Build configuration list for PBXNativeTarget "API TestTests" */ = {
			isa = XCConfigurationList;
			buildConfigurations = (
				EC42BC462A09366C0033350D /* Debug */,
				EC42BC472A09366C0033350D /* Release */,
			);
			defaultConfigurationIsVisible = 0;
			defaultConfigurationName = Release;
		};
		EC42BC482A09366C0033350D /* Build configuration list for PBXNativeTarget "API TestUITests" */ = {
			isa = XCConfigurationList;
			buildConfigurations = (
				EC42BC492A09366C0033350D /* Debug */,
				EC42BC4A2A09366C0033350D /* Release */,
			);
			defaultConfigurationIsVisible = 0;
			defaultConfigurationName = Release;
		};
/* End XCConfigurationList section */
	};
	rootObject = EC42BC162A09366A0033350D /* Project object */;
}
